
Microsoft Visual Studio Solution File, Format Version 12.00
# Visual Studio Version 17
VisualStudioVersion = 17.4.33213.308
MinimumVisualStudioVersion = 10.0.40219.1
Project("{FAE04EC0-301F-11D3-BF4B-00C04F79EFBC}") = "Odev2", "Odev2.csproj", "{18C7D502-F6DC-4B7B-8E06-102C658E7248}"
EndProject
Global
	GlobalSection(SolutionConfigurationPlatforms) = preSolution
		Debug|Any CPU = Debug|Any CPU
		Release|Any CPU = Release|Any CPU
	EndGlobalSection
	GlobalSection(ProjectConfigurationPlatforms) = postSolution
		{18C7D502-F6DC-4B7B-8E06-102C658E7248}.Debug|Any CPU.ActiveCfg = Debug|Any CPU
		{18C7D502-F6DC-4B7B-8E06-102C658E7248}.Debug|Any CPU.Build.0 = Debug|Any CPU
		{18C7D502-F6DC-4B7B-8E06-102C658E7248}.Release|Any CPU.ActiveCfg = Release|Any CPU
		{18C7D502-F6DC-4B7B-8E06-102C658E7248}.Release|Any CPU.Build.0 = Release|Any CPU
	EndGlobalSection
	GlobalSection(SolutionProperties) = preSolution
		HideSolutionNode = FALSE
	EndGlobalSection
	GlobalSection(ExtensibilityGlobals) = postSolution
		SolutionGuid = {44A0DF2F-31EF-489C-B3C0-CAEB72CC01E6}
	EndGlobalSection
EndGlobal
